
Microsoft Visual Studio Solution File, Format Version 12.00
# Visual Studio 15
VisualStudioVersion = 15.0.27428.2027
MinimumVisualStudioVersion = 10.0.40219.1
Project("{FAE04EC0-301F-11D3-BF4B-00C04F79EFBC}") = "BookStore", "BookStore\BookStore.csproj", "{D1654EDC-9BF8-4C42-85B9-49F9726F672E}"
EndProject
Global
	GlobalSection(SolutionConfigurationPlatforms) = preSolution
		Debug|Any CPU = Debug|Any CPU
		Release|Any CPU = Release|Any CPU
	EndGlobalSection
	GlobalSection(ProjectConfigurationPlatforms) = postSolution
		{D1654EDC-9BF8-4C42-85B9-49F9726F672E}.Debug|Any CPU.ActiveCfg = Debug|Any CPU
		{D1654EDC-9BF8-4C42-85B9-49F9726F672E}.Debug|Any CPU.Build.0 = Debug|Any CPU
		{D1654EDC-9BF8-4C42-85B9-49F9726F672E}.Release|Any CPU.ActiveCfg = Release|Any CPU
		{D1654EDC-9BF8-4C42-85B9-49F9726F672E}.Release|Any CPU.Build.0 = Release|Any CPU
	EndGlobalSection
	GlobalSection(SolutionProperties) = preSolution
		HideSolutionNode = FALSE
	EndGlobalSection
	GlobalSection(ExtensibilityGlobals) = postSolution
		SolutionGuid = {0220D9FC-BE0A-4EEB-9C80-22554849BEFF}
	EndGlobalSection
EndGlobal
